// !$*UTF8*$!
{
	archiveVersion = 1;
	classes = {
	};
	objectVersion = 50;
	objects = {

/* Begin PBXBuildFile section */
		630ABFEB25B68B0A00505522 /* main.m in Sources */ = {isa = PBXBuildFile; fileRef = 630ABFEA25B68B0A00505522 /* main.m */; };
		630ABFF925B68B3300505522 /* main.m in Sources */ = {isa = PBXBuildFile; fileRef = 630ABFF825B68B3300505522 /* main.m */; };
		63467D4825C118640024ADB9 /* main.m in Sources */ = {isa = PBXBuildFile; fileRef = 63467D4725C118640024ADB9 /* main.m */; };
		63467D5725C118AB0024ADB9 /* main.m in Sources */ = {isa = PBXBuildFile; fileRef = 63467D5625C118AB0024ADB9 /* main.m */; };
		63467D6725C118CE0024ADB9 /* main.m in Sources */ = {isa = PBXBuildFile; fileRef = 63467D6625C118CE0024ADB9 /* main.m */; };
		63467D7825C118F10024ADB9 /* main.m in Sources */ = {isa = PBXBuildFile; fileRef = 63467D7725C118F10024ADB9 /* main.m */; };
		63467D8A25C119120024ADB9 /* main.m in Sources */ = {isa = PBXBuildFile; fileRef = 63467D8925C119120024ADB9 /* main.m */; };
		63467D9D25C119390024ADB9 /* main.m in Sources */ = {isa = PBXBuildFile; fileRef = 63467D9C25C119390024ADB9 /* main.m */; };
		63D7AD69281126D100891034 /* main.swift in Sources */ = {isa = PBXBuildFile; fileRef = 63D7AD68281126D100891034 /* main.swift */; };
		63F1F95725BAA75100ABF559 /* main.swift in Sources */ = {isa = PBXBuildFile; fileRef = 63F1F95625BAA75100ABF559 /* main.swift */; };
/* End PBXBuildFile section */

/* Begin PBXCopyFilesBuildPhase section */
		630ABFE525B68B0A00505522 /* CopyFiles */ = {
			isa = PBXCopyFilesBuildPhase;
			buildActionMask = 2147483647;
			dstPath = /usr/share/man/man1/;
			dstSubfolderSpec = 0;
			files = (
			);
			runOnlyForDeploymentPostprocessing = 1;
		};
		630ABFF425B68B3300505522 /* CopyFiles */ = {
			isa = PBXCopyFilesBuildPhase;
			buildActionMask = 2147483647;
			dstPath = /usr/share/man/man1/;
			dstSubfolderSpec = 0;
			files = (
			);
			runOnlyForDeploymentPostprocessing = 1;
		};
		63467D4325C118640024ADB9 /* CopyFiles */ = {
			isa = PBXCopyFilesBuildPhase;
			buildActionMask = 2147483647;
			dstPath = /usr/share/man/man1/;
			dstSubfolderSpec = 0;
			files = (
			);
			runOnlyForDeploymentPostprocessing = 1;
		};
		63467D5225C118AB0024ADB9 /* CopyFiles */ = {
			isa = PBXCopyFilesBuildPhase;
			buildActionMask = 2147483647;
			dstPath = /usr/share/man/man1/;
			dstSubfolderSpec = 0;
			files = (
			);
			runOnlyForDeploymentPostprocessing = 1;
		};
		63467D6225C118CE0024ADB9 /* CopyFiles */ = {
			isa = PBXCopyFilesBuildPhase;
			buildActionMask = 2147483647;
			dstPath = /usr/share/man/man1/;
			dstSubfolderSpec = 0;
			files = (
			);
			runOnlyForDeploymentPostprocessing = 1;
		};
		63467D7325C118F10024ADB9 /* CopyFiles */ = {
			isa = PBXCopyFilesBuildPhase;
			buildActionMask = 2147483647;
			dstPath = /usr/share/man/man1/;
			dstSubfolderSpec = 0;
			files = (
			);
			runOnlyForDeploymentPostprocessing = 1;
		};
		63467D8525C119120024ADB9 /* CopyFiles */ = {
			isa = PBXCopyFilesBuildPhase;
			buildActionMask = 2147483647;
			dstPath = /usr/share/man/man1/;
			dstSubfolderSpec = 0;
			files = (
			);
			runOnlyForDeploymentPostprocessing = 1;
		};
		63467D9825C119390024ADB9 /* CopyFiles */ = {
			isa = PBXCopyFilesBuildPhase;
			buildActionMask = 2147483647;
			dstPath = /usr/share/man/man1/;
			dstSubfolderSpec = 0;
			files = (
			);
			runOnlyForDeploymentPostprocessing = 1;
		};
		63D7AD64281126D100891034 /* CopyFiles */ = {
			isa = PBXCopyFilesBuildPhase;
			buildActionMask = 2147483647;
			dstPath = /usr/share/man/man1/;
			dstSubfolderSpec = 0;
			files = (
			);
			runOnlyForDeploymentPostprocessing = 1;
		};
		63F1F95225BAA75100ABF559 /* CopyFiles */ = {
			isa = PBXCopyFilesBuildPhase;
			buildActionMask = 2147483647;
			dstPath = /usr/share/man/man1/;
			dstSubfolderSpec = 0;
			files = (
			);
			runOnlyForDeploymentPostprocessing = 1;
		};
/* End PBXCopyFilesBuildPhase section */

/* Begin PBXFileReference section */
		630ABFE725B68B0A00505522 /* Tools */ = {isa = PBXFileReference; explicitFileType = "compiled.mach-o.executable"; includeInIndex = 0; path = Tools; sourceTree = BUILT_PRODUCTS_DIR; };
		630ABFEA25B68B0A00505522 /* main.m */ = {isa = PBXFileReference; lastKnownFileType = sourcecode.c.objc; path = main.m; sourceTree = "<group>"; };
		630ABFF625B68B3300505522 /* FTFirmwareGenerator */ = {isa = PBXFileReference; explicitFileType = "compiled.mach-o.executable"; includeInIndex = 0; path = FTFirmwareGenerator; sourceTree = BUILT_PRODUCTS_DIR; };
		630ABFF825B68B3300505522 /* main.m */ = {isa = PBXFileReference; lastKnownFileType = sourcecode.c.objc; path = main.m; sourceTree = "<group>"; };
		63467D4525C118640024ADB9 /* file_lock */ = {isa = PBXFileReference; explicitFileType = "compiled.mach-o.executable"; includeInIndex = 0; path = file_lock; sourceTree = BUILT_PRODUCTS_DIR; };
		63467D4725C118640024ADB9 /* main.m */ = {isa = PBXFileReference; lastKnownFileType = sourcecode.c.objc; path = main.m; sourceTree = "<group>"; };
		63467D5425C118AB0024ADB9 /* hex_log */ = {isa = PBXFileReference; explicitFileType = "compiled.mach-o.executable"; includeInIndex = 0; path = hex_log; sourceTree = BUILT_PRODUCTS_DIR; };
		63467D5625C118AB0024ADB9 /* main.m */ = {isa = PBXFileReference; lastKnownFileType = sourcecode.c.objc; path = main.m; sourceTree = "<group>"; };
		63467D6425C118CE0024ADB9 /* ImageEncryptTool */ = {isa = PBXFileReference; explicitFileType = "compiled.mach-o.executable"; includeInIndex = 0; path = ImageEncryptTool; sourceTree = BUILT_PRODUCTS_DIR; };
		63467D6625C118CE0024ADB9 /* main.m */ = {isa = PBXFileReference; lastKnownFileType = sourcecode.c.objc; path = main.m; sourceTree = "<group>"; };
		63467D7525C118F10024ADB9 /* ImageRaw */ = {isa = PBXFileReference; explicitFileType = "compiled.mach-o.executable"; includeInIndex = 0; path = ImageRaw; sourceTree = BUILT_PRODUCTS_DIR; };
		63467D7725C118F10024ADB9 /* main.m */ = {isa = PBXFileReference; lastKnownFileType = sourcecode.c.objc; path = main.m; sourceTree = "<group>"; };
		63467D8725C119120024ADB9 /* markdown_oc_doc */ = {isa = PBXFileReference; explicitFileType = "compiled.mach-o.executable"; includeInIndex = 0; path = markdown_oc_doc; sourceTree = BUILT_PRODUCTS_DIR; };
		63467D8925C119120024ADB9 /* main.m */ = {isa = PBXFileReference; lastKnownFileType = sourcecode.c.objc; path = main.m; sourceTree = "<group>"; };
		63467D9A25C119390024ADB9 /* txt_line_feed_convert */ = {isa = PBXFileReference; explicitFileType = "compiled.mach-o.executable"; includeInIndex = 0; path = txt_line_feed_convert; sourceTree = BUILT_PRODUCTS_DIR; };
		63467D9C25C119390024ADB9 /* main.m */ = {isa = PBXFileReference; lastKnownFileType = sourcecode.c.objc; path = main.m; sourceTree = "<group>"; };
		63D7AD66281126D100891034 /* Test */ = {isa = PBXFileReference; explicitFileType = "compiled.mach-o.executable"; includeInIndex = 0; path = Test; sourceTree = BUILT_PRODUCTS_DIR; };
		63D7AD68281126D100891034 /* main.swift */ = {isa = PBXFileReference; lastKnownFileType = sourcecode.swift; path = main.swift; sourceTree = "<group>"; };
		63F1F95425BAA75100ABF559 /* Finder */ = {isa = PBXFileReference; explicitFileType = "compiled.mach-o.executable"; includeInIndex = 0; path = Finder; sourceTree = BUILT_PRODUCTS_DIR; };
		63F1F95625BAA75100ABF559 /* main.swift */ = {isa = PBXFileReference; lastKnownFileType = sourcecode.swift; path = main.swift; sourceTree = "<group>"; };
/* End PBXFileReference section */

/* Begin PBXFrameworksBuildPhase section */
		630ABFE425B68B0A00505522 /* Frameworks */ = {
			isa = PBXFrameworksBuildPhase;
			buildActionMask = 2147483647;
			files = (
			);
			runOnlyForDeploymentPostprocessing = 0;
		};
		630ABFF325B68B3300505522 /* Frameworks */ = {
			isa = PBXFrameworksBuildPhase;
			buildActionMask = 2147483647;
			files = (
			);
			runOnlyForDeploymentPostprocessing = 0;
		};
		63467D4225C118640024ADB9 /* Frameworks */ = {
			isa = PBXFrameworksBuildPhase;
			buildActionMask = 2147483647;
			files = (
			);
			runOnlyForDeploymentPostprocessing = 0;
		};
		63467D5125C118AB0024ADB9 /* Frameworks */ = {
			isa = PBXFrameworksBuildPhase;
			buildActionMask = 2147483647;
			files = (
			);
			runOnlyForDeploymentPostprocessing = 0;
		};
		63467D6125C118CE0024ADB9 /* Frameworks */ = {
			isa = PBXFrameworksBuildPhase;
			buildActionMask = 2147483647;
			files = (
			);
			runOnlyForDeploymentPostprocessing = 0;
		};
		63467D7225C118F10024ADB9 /* Frameworks */ = {
			isa = PBXFrameworksBuildPhase;
			buildActionMask = 2147483647;
			files = (
			);
			runOnlyForDeploymentPostprocessing = 0;
		};
		63467D8425C119120024ADB9 /* Frameworks */ = {
			isa = PBXFrameworksBuildPhase;
			buildActionMask = 2147483647;
			files = (
			);
			runOnlyForDeploymentPostprocessing = 0;
		};
		63467D9725C119390024ADB9 /* Frameworks */ = {
			isa = PBXFrameworksBuildPhase;
			buildActionMask = 2147483647;
			files = (
			);
			runOnlyForDeploymentPostprocessing = 0;
		};
		63D7AD63281126D100891034 /* Frameworks */ = {
			isa = PBXFrameworksBuildPhase;
			buildActionMask = 2147483647;
			files = (
			);
			runOnlyForDeploymentPostprocessing = 0;
		};
		63F1F95125BAA75100ABF559 /* Frameworks */ = {
			isa = PBXFrameworksBuildPhase;
			buildActionMask = 2147483647;
			files = (
			);
			runOnlyForDeploymentPostprocessing = 0;
		};
/* End PBXFrameworksBuildPhase section */

/* Begin PBXGroup section */
		630ABFDE25B68B0A00505522 = {
			isa = PBXGroup;
			children = (
				630ABFE925B68B0A00505522 /* Tools */,
				630ABFF725B68B3300505522 /* FTFirmwareGenerator */,
				63F1F95525BAA75100ABF559 /* Finder */,
				63467D4625C118640024ADB9 /* file_lock */,
				63467D5525C118AB0024ADB9 /* hex_log */,
				63467D6525C118CE0024ADB9 /* ImageEncryptTool */,
				63467D7625C118F10024ADB9 /* ImageRaw */,
				63467D8825C119120024ADB9 /* markdown_oc_doc */,
				63467D9B25C119390024ADB9 /* txt_line_feed_convert */,
				63D7AD67281126D100891034 /* Test */,
				630ABFE825B68B0A00505522 /* Products */,
			);
			sourceTree = "<group>";
		};
		630ABFE825B68B0A00505522 /* Products */ = {
			isa = PBXGroup;
			children = (
				630ABFE725B68B0A00505522 /* Tools */,
				630ABFF625B68B3300505522 /* FTFirmwareGenerator */,
				63F1F95425BAA75100ABF559 /* Finder */,
				63467D4525C118640024ADB9 /* file_lock */,
				63467D5425C118AB0024ADB9 /* hex_log */,
				63467D6425C118CE0024ADB9 /* ImageEncryptTool */,
				63467D7525C118F10024ADB9 /* ImageRaw */,
				63467D8725C119120024ADB9 /* markdown_oc_doc */,
				63467D9A25C119390024ADB9 /* txt_line_feed_convert */,
				63D7AD66281126D100891034 /* Test */,
			);
			name = Products;
			sourceTree = "<group>";
		};
		630ABFE925B68B0A00505522 /* Tools */ = {
			isa = PBXGroup;
			children = (
				630ABFEA25B68B0A00505522 /* main.m */,
			);
			path = Tools;
			sourceTree = "<group>";
		};
		630ABFF725B68B3300505522 /* FTFirmwareGenerator */ = {
			isa = PBXGroup;
			children = (
				630ABFF825B68B3300505522 /* main.m */,
			);
			path = FTFirmwareGenerator;
			sourceTree = "<group>";
		};
		63467D4625C118640024ADB9 /* file_lock */ = {
			isa = PBXGroup;
			children = (
				63467D4725C118640024ADB9 /* main.m */,
			);
			path = file_lock;
			sourceTree = "<group>";
		};
		63467D5525C118AB0024ADB9 /* hex_log */ = {
			isa = PBXGroup;
			children = (
				63467D5625C118AB0024ADB9 /* main.m */,
			);
			path = hex_log;
			sourceTree = "<group>";
		};
		63467D6525C118CE0024ADB9 /* ImageEncryptTool */ = {
			isa = PBXGroup;
			children = (
				63467D6625C118CE0024ADB9 /* main.m */,
			);
			path = ImageEncryptTool;
			sourceTree = "<group>";
		};
		63467D7625C118F10024ADB9 /* ImageRaw */ = {
			isa = PBXGroup;
			children = (
				63467D7725C118F10024ADB9 /* main.m */,
			);
			path = ImageRaw;
			sourceTree = "<group>";
		};
		63467D8825C119120024ADB9 /* markdown_oc_doc */ = {
			isa = PBXGroup;
			children = (
				63467D8925C119120024ADB9 /* main.m */,
			);
			path = markdown_oc_doc;
			sourceTree = "<group>";
		};
		63467D9B25C119390024ADB9 /* txt_line_feed_convert */ = {
			isa = PBXGroup;
			children = (
				63467D9C25C119390024ADB9 /* main.m */,
			);
			path = txt_line_feed_convert;
			sourceTree = "<group>";
		};
		63D7AD67281126D100891034 /* Test */ = {
			isa = PBXGroup;
			children = (
				63D7AD68281126D100891034 /* main.swift */,
			);
			path = Test;
			sourceTree = "<group>";
		};
		63F1F95525BAA75100ABF559 /* Finder */ = {
			isa = PBXGroup;
			children = (
				63F1F95625BAA75100ABF559 /* main.swift */,
			);
			path = Finder;
			sourceTree = "<group>";
		};
/* End PBXGroup section */

/* Begin PBXNativeTarget section */
		630ABFE625B68B0A00505522 /* Tools */ = {
			isa = PBXNativeTarget;
			buildConfigurationList = 630ABFEE25B68B0A00505522 /* Build configuration list for PBXNativeTarget "Tools" */;
			buildPhases = (
				630ABFE325B68B0A00505522 /* Sources */,
				630ABFE425B68B0A00505522 /* Frameworks */,
				630ABFE525B68B0A00505522 /* CopyFiles */,
			);
			buildRules = (
			);
			dependencies = (
			);
			name = Tools;
			productName = Tools;
			productReference = 630ABFE725B68B0A00505522 /* Tools */;
			productType = "com.apple.product-type.tool";
		};
		630ABFF525B68B3300505522 /* FTFirmwareGenerator */ = {
			isa = PBXNativeTarget;
			buildConfigurationList = 630ABFFA25B68B3300505522 /* Build configuration list for PBXNativeTarget "FTFirmwareGenerator" */;
			buildPhases = (
				630ABFF225B68B3300505522 /* Sources */,
				630ABFF325B68B3300505522 /* Frameworks */,
				630ABFF425B68B3300505522 /* CopyFiles */,
			);
			buildRules = (
			);
			dependencies = (
			);
			name = FTFirmwareGenerator;
			productName = FTFirmwareGenerator;
			productReference = 630ABFF625B68B3300505522 /* FTFirmwareGenerator */;
			productType = "com.apple.product-type.tool";
		};
		63467D4425C118640024ADB9 /* file_lock */ = {
			isa = PBXNativeTarget;
			buildConfigurationList = 63467D4B25C118640024ADB9 /* Build configuration list for PBXNativeTarget "file_lock" */;
			buildPhases = (
				63467D4125C118640024ADB9 /* Sources */,
				63467D4225C118640024ADB9 /* Frameworks */,
				63467D4325C118640024ADB9 /* CopyFiles */,
			);
			buildRules = (
			);
			dependencies = (
			);
			name = file_lock;
			productName = file_lock;
			productReference = 63467D4525C118640024ADB9 /* file_lock */;
			productType = "com.apple.product-type.tool";
		};
		63467D5325C118AB0024ADB9 /* hex_log */ = {
			isa = PBXNativeTarget;
			buildConfigurationList = 63467D5825C118AB0024ADB9 /* Build configuration list for PBXNativeTarget "hex_log" */;
			buildPhases = (
				63467D5025C118AB0024ADB9 /* Sources */,
				63467D5125C118AB0024ADB9 /* Frameworks */,
				63467D5225C118AB0024ADB9 /* CopyFiles */,
			);
			buildRules = (
			);
			dependencies = (
			);
			name = hex_log;
			productName = hex_log;
			productReference = 63467D5425C118AB0024ADB9 /* hex_log */;
			productType = "com.apple.product-type.tool";
		};
		63467D6325C118CE0024ADB9 /* ImageEncryptTool */ = {
			isa = PBXNativeTarget;
			buildConfigurationList = 63467D6825C118CE0024ADB9 /* Build configuration list for PBXNativeTarget "ImageEncryptTool" */;
			buildPhases = (
				63467D6025C118CE0024ADB9 /* Sources */,
				63467D6125C118CE0024ADB9 /* Frameworks */,
				63467D6225C118CE0024ADB9 /* CopyFiles */,
			);
			buildRules = (
			);
			dependencies = (
			);
			name = ImageEncryptTool;
			productName = ImageEncryptTool;
			productReference = 63467D6425C118CE0024ADB9 /* ImageEncryptTool */;
			productType = "com.apple.product-type.tool";
		};
		63467D7425C118F10024ADB9 /* ImageRaw */ = {
			isa = PBXNativeTarget;
			buildConfigurationList = 63467D7925C118F10024ADB9 /* Build configuration list for PBXNativeTarget "ImageRaw" */;
			buildPhases = (
				63467D7125C118F10024ADB9 /* Sources */,
				63467D7225C118F10024ADB9 /* Frameworks */,
				63467D7325C118F10024ADB9 /* CopyFiles */,
			);
			buildRules = (
			);
			dependencies = (
			);
			name = ImageRaw;
			productName = ImageRaw;
			productReference = 63467D7525C118F10024ADB9 /* ImageRaw */;
			productType = "com.apple.product-type.tool";
		};
		63467D8625C119120024ADB9 /* markdown_oc_doc */ = {
			isa = PBXNativeTarget;
			buildConfigurationList = 63467D8B25C119120024ADB9 /* Build configuration list for PBXNativeTarget "markdown_oc_doc" */;
			buildPhases = (
				63467D8325C119120024ADB9 /* Sources */,
				63467D8425C119120024ADB9 /* Frameworks */,
				63467D8525C119120024ADB9 /* CopyFiles */,
			);
			buildRules = (
			);
			dependencies = (
			);
			name = markdown_oc_doc;
			productName = markdown_oc_doc;
			productReference = 63467D8725C119120024ADB9 /* markdown_oc_doc */;
			productType = "com.apple.product-type.tool";
		};
		63467D9925C119390024ADB9 /* txt_line_feed_convert */ = {
			isa = PBXNativeTarget;
			buildConfigurationList = 63467D9E25C119390024ADB9 /* Build configuration list for PBXNativeTarget "txt_line_feed_convert" */;
			buildPhases = (
				63467D9625C119390024ADB9 /* Sources */,
				63467D9725C119390024ADB9 /* Frameworks */,
				63467D9825C119390024ADB9 /* CopyFiles */,
			);
			buildRules = (
			);
			dependencies = (
			);
			name = txt_line_feed_convert;
			productName = txt_line_feed_convert;
			productReference = 63467D9A25C119390024ADB9 /* txt_line_feed_convert */;
			productType = "com.apple.product-type.tool";
		};
		63D7AD65281126D100891034 /* Test */ = {
			isa = PBXNativeTarget;
			buildConfigurationList = 63D7AD6C281126D100891034 /* Build configuration list for PBXNativeTarget "Test" */;
			buildPhases = (
				63D7AD62281126D100891034 /* Sources */,
				63D7AD63281126D100891034 /* Frameworks */,
				63D7AD64281126D100891034 /* CopyFiles */,
			);
			buildRules = (
			);
			dependencies = (
			);
			name = Test;
			productName = Test;
			productReference = 63D7AD66281126D100891034 /* Test */;
			productType = "com.apple.product-type.tool";
		};
		63F1F95325BAA75100ABF559 /* Finder */ = {
			isa = PBXNativeTarget;
			buildConfigurationList = 63F1F95A25BAA75100ABF559 /* Build configuration list for PBXNativeTarget "Finder" */;
			buildPhases = (
				63F1F95025BAA75100ABF559 /* Sources */,
				63F1F95125BAA75100ABF559 /* Frameworks */,
				63F1F95225BAA75100ABF559 /* CopyFiles */,
			);
			buildRules = (
			);
			dependencies = (
			);
			name = Finder;
			productName = Finder;
			productReference = 63F1F95425BAA75100ABF559 /* Finder */;
			productType = "com.apple.product-type.tool";
		};
/* End PBXNativeTarget section */

/* Begin PBXProject section */
		630ABFDF25B68B0A00505522 /* Project object */ = {
			isa = PBXProject;
			attributes = {
				LastSwiftUpdateCheck = 1330;
				LastUpgradeCheck = 1230;
				TargetAttributes = {
					630ABFE625B68B0A00505522 = {
						CreatedOnToolsVersion = 12.3;
					};
					630ABFF525B68B3300505522 = {
						CreatedOnToolsVersion = 12.3;
					};
					63467D4425C118640024ADB9 = {
						CreatedOnToolsVersion = 12.3;
					};
					63467D5325C118AB0024ADB9 = {
						CreatedOnToolsVersion = 12.3;
					};
					63467D6325C118CE0024ADB9 = {
						CreatedOnToolsVersion = 12.3;
					};
					63467D7425C118F10024ADB9 = {
						CreatedOnToolsVersion = 12.3;
					};
					63467D8625C119120024ADB9 = {
						CreatedOnToolsVersion = 12.3;
					};
					63467D9925C119390024ADB9 = {
						CreatedOnToolsVersion = 12.3;
					};
					63D7AD65281126D100891034 = {
						CreatedOnToolsVersion = 13.3;
					};
					63F1F95325BAA75100ABF559 = {
						CreatedOnToolsVersion = 12.3;
					};
				};
			};
			buildConfigurationList = 630ABFE225B68B0A00505522 /* Build configuration list for PBXProject "Tools" */;
			compatibilityVersion = "Xcode 9.3";
			developmentRegion = en;
			hasScannedForEncodings = 0;
			knownRegions = (
				en,
				Base,
			);
			mainGroup = 630ABFDE25B68B0A00505522;
			productRefGroup = 630ABFE825B68B0A00505522 /* Products */;
			projectDirPath = "";
			projectRoot = "";
			targets = (
				630ABFE625B68B0A00505522 /* Tools */,
				630ABFF525B68B3300505522 /* FTFirmwareGenerator */,
				63F1F95325BAA75100ABF559 /* Finder */,
				63467D4425C118640024ADB9 /* file_lock */,
				63467D5325C118AB0024ADB9 /* hex_log */,
				63467D6325C118CE0024ADB9 /* ImageEncryptTool */,
				63467D7425C118F10024ADB9 /* ImageRaw */,
				63467D8625C119120024ADB9 /* markdown_oc_doc */,
				63467D9925C119390024ADB9 /* txt_line_feed_convert */,
				63D7AD65281126D100891034 /* Test */,
			);
		};
/* End PBXProject section */

/* Begin PBXSourcesBuildPhase section */
		630ABFE325B68B0A00505522 /* Sources */ = {
			isa = PBXSourcesBuildPhase;
			buildActionMask = 2147483647;
			files = (
				630ABFEB25B68B0A00505522 /* main.m in Sources */,
			);
			runOnlyForDeploymentPostprocessing = 0;
		};
		630ABFF225B68B3300505522 /* Sources */ = {
			isa = PBXSourcesBuildPhase;
			buildActionMask = 2147483647;
			files = (
				630ABFF925B68B3300505522 /* main.m in Sources */,
			);
			runOnlyForDeploymentPostprocessing = 0;
		};
		63467D4125C118640024ADB9 /* Sources */ = {
			isa = PBXSourcesBuildPhase;
			buildActionMask = 2147483647;
			files = (
				63467D4825C118640024ADB9 /* main.m in Sources */,
			);
			runOnlyForDeploymentPostprocessing = 0;
		};
		63467D5025C118AB0024ADB9 /* Sources */ = {
			isa = PBXSourcesBuildPhase;
			buildActionMask = 2147483647;
			files = (
				63467D5725C118AB0024ADB9 /* main.m in Sources */,
			);
			runOnlyForDeploymentPostprocessing = 0;
		};
		63467D6025C118CE0024ADB9 /* Sources */ = {
			isa = PBXSourcesBuildPhase;
			buildActionMask = 2147483647;
			files = (
				63467D6725C118CE0024ADB9 /* main.m in Sources */,
			);
			runOnlyForDeploymentPostprocessing = 0;
		};
		63467D7125C118F10024ADB9 /* Sources */ = {
			isa = PBXSourcesBuildPhase;
			buildActionMask = 2147483647;
			files = (
				63467D7825C118F10024ADB9 /* main.m in Sources */,
			);
			runOnlyForDeploymentPostprocessing = 0;
		};
		63467D8325C119120024ADB9 /* Sources */ = {
			isa = PBXSourcesBuildPhase;
			buildActionMask = 2147483647;
			files = (
				63467D8A25C119120024ADB9 /* main.m in Sources */,
			);
			runOnlyForDeploymentPostprocessing = 0;
		};
		63467D9625C119390024ADB9 /* Sources */ = {
			isa = PBXSourcesBuildPhase;
			buildActionMask = 2147483647;
			files = (
				63467D9D25C119390024ADB9 /* main.m in Sources */,
			);
			runOnlyForDeploymentPostprocessing = 0;
		};
		63D7AD62281126D100891034 /* Sources */ = {
			isa = PBXSourcesBuildPhase;
			buildActionMask = 2147483647;
			files = (
				63D7AD69281126D100891034 /* main.swift in Sources */,
			);
			runOnlyForDeploymentPostprocessing = 0;
		};
		63F1F95025BAA75100ABF559 /* Sources */ = {
			isa = PBXSourcesBuildPhase;
			buildActionMask = 2147483647;
			files = (
				63F1F95725BAA75100ABF559 /* main.swift in Sources */,
			);
			runOnlyForDeploymentPostprocessing = 0;
		};
/* End PBXSourcesBuildPhase section */

/* Begin XCBuildConfiguration section */
		630ABFEC25B68B0A00505522 /* Debug */ = {
			isa = XCBuildConfiguration;
			buildSettings = {
				ALWAYS_SEARCH_USER_PATHS = NO;
				CLANG_ANALYZER_NONNULL = YES;
				CLANG_ANALYZER_NUMBER_OBJECT_CONVERSION = YES_AGGRESSIVE;
				CLANG_CXX_LANGUAGE_STANDARD = "gnu++14";
				CLANG_CXX_LIBRARY = "libc++";
				CLANG_ENABLE_MODULES = YES;
				CLANG_ENABLE_OBJC_ARC = YES;
				CLANG_ENABLE_OBJC_WEAK = YES;
				CLANG_WARN_BLOCK_CAPTURE_AUTORELEASING = YES;
				CLANG_WARN_BOOL_CONVERSION = YES;
				CLANG_WARN_COMMA = YES;
				CLANG_WARN_CONSTANT_CONVERSION = YES;
				CLANG_WARN_DEPRECATED_OBJC_IMPLEMENTATIONS = YES;
				CLANG_WARN_DIRECT_OBJC_ISA_USAGE = YES_ERROR;
				CLANG_WARN_DOCUMENTATION_COMMENTS = YES;
				CLANG_WARN_EMPTY_BODY = YES;
				CLANG_WARN_ENUM_CONVERSION = YES;
				CLANG_WARN_INFINITE_RECURSION = YES;
				CLANG_WARN_INT_CONVERSION = YES;
				CLANG_WARN_NON_LITERAL_NULL_CONVERSION = YES;
				CLANG_WARN_OBJC_IMPLICIT_RETAIN_SELF = YES;
				CLANG_WARN_OBJC_LITERAL_CONVERSION = YES;
				CLANG_WARN_OBJC_ROOT_CLASS = YES_ERROR;
				CLANG_WARN_QUOTED_INCLUDE_IN_FRAMEWORK_HEADER = YES;
				CLANG_WARN_RANGE_LOOP_ANALYSIS = YES;
				CLANG_WARN_STRICT_PROTOTYPES = YES;
				CLANG_WARN_SUSPICIOUS_MOVE = YES;
				CLANG_WARN_UNGUARDED_AVAILABILITY = YES_AGGRESSIVE;
				CLANG_WARN_UNREACHABLE_CODE = YES;
				CLANG_WARN__DUPLICATE_METHOD_MATCH = YES;
				COPY_PHASE_STRIP = NO;
				DEBUG_INFORMATION_FORMAT = dwarf;
				ENABLE_STRICT_OBJC_MSGSEND = YES;
				ENABLE_TESTABILITY = YES;
				GCC_C_LANGUAGE_STANDARD = gnu11;
				GCC_DYNAMIC_NO_PIC = NO;
				GCC_NO_COMMON_BLOCKS = YES;
				GCC_OPTIMIZATION_LEVEL = 0;
				GCC_PREPROCESSOR_DEFINITIONS = (
					"DEBUG=1",
					"$(inherited)",
				);
				GCC_WARN_64_TO_32_BIT_CONVERSION = YES;
				GCC_WARN_ABOUT_RETURN_TYPE = YES_ERROR;
				GCC_WARN_UNDECLARED_SELECTOR = YES;
				GCC_WARN_UNINITIALIZED_AUTOS = YES_AGGRESSIVE;
				GCC_WARN_UNUSED_FUNCTION = YES;
				GCC_WARN_UNUSED_VARIABLE = YES;
				MACOSX_DEPLOYMENT_TARGET = 10.15;
				MTL_ENABLE_DEBUG_INFO = INCLUDE_SOURCE;
				MTL_FAST_MATH = YES;
				ONLY_ACTIVE_ARCH = YES;
				SDKROOT = macosx;
			};
			name = Debug;
		};
		630ABFED25B68B0A00505522 /* Release */ = {
			isa = XCBuildConfiguration;
			buildSettings = {
				ALWAYS_SEARCH_USER_PATHS = NO;
				CLANG_ANALYZER_NONNULL = YES;
				CLANG_ANALYZER_NUMBER_OBJECT_CONVERSION = YES_AGGRESSIVE;
				CLANG_CXX_LANGUAGE_STANDARD = "gnu++14";
				CLANG_CXX_LIBRARY = "libc++";
				CLANG_ENABLE_MODULES = YES;
				CLANG_ENABLE_OBJC_ARC = YES;
				CLANG_ENABLE_OBJC_WEAK = YES;
				CLANG_WARN_BLOCK_CAPTURE_AUTORELEASING = YES;
				CLANG_WARN_BOOL_CONVERSION = YES;
				CLANG_WARN_COMMA = YES;
				CLANG_WARN_CONSTANT_CONVERSION = YES;
				CLANG_WARN_DEPRECATED_OBJC_IMPLEMENTATIONS = YES;
				CLANG_WARN_DIRECT_OBJC_ISA_USAGE = YES_ERROR;
				CLANG_WARN_DOCUMENTATION_COMMENTS = YES;
				CLANG_WARN_EMPTY_BODY = YES;
				CLANG_WARN_ENUM_CONVERSION = YES;
				CLANG_WARN_INFINITE_RECURSION = YES;
				CLANG_WARN_INT_CONVERSION = YES;
				CLANG_WARN_NON_LITERAL_NULL_CONVERSION = YES;
				CLANG_WARN_OBJC_IMPLICIT_RETAIN_SELF = YES;
				CLANG_WARN_OBJC_LITERAL_CONVERSION = YES;
				CLANG_WARN_OBJC_ROOT_CLASS = YES_ERROR;
				CLANG_WARN_QUOTED_INCLUDE_IN_FRAMEWORK_HEADER = YES;
				CLANG_WARN_RANGE_LOOP_ANALYSIS = YES;
				CLANG_WARN_STRICT_PROTOTYPES = YES;
				CLANG_WARN_SUSPICIOUS_MOVE = YES;
				CLANG_WARN_UNGUARDED_AVAILABILITY = YES_AGGRESSIVE;
				CLANG_WARN_UNREACHABLE_CODE = YES;
				CLANG_WARN__DUPLICATE_METHOD_MATCH = YES;
				COPY_PHASE_STRIP = NO;
				DEBUG_INFORMATION_FORMAT = "dwarf-with-dsym";
				ENABLE_NS_ASSERTIONS = NO;
				ENABLE_STRICT_OBJC_MSGSEND = YES;
				GCC_C_LANGUAGE_STANDARD = gnu11;
				GCC_NO_COMMON_BLOCKS = YES;
				GCC_WARN_64_TO_32_BIT_CONVERSION = YES;
				GCC_WARN_ABOUT_RETURN_TYPE = YES_ERROR;
				GCC_WARN_UNDECLARED_SELECTOR = YES;
				GCC_WARN_UNINITIALIZED_AUTOS = YES_AGGRESSIVE;
				GCC_WARN_UNUSED_FUNCTION = YES;
				GCC_WARN_UNUSED_VARIABLE = YES;
				MACOSX_DEPLOYMENT_TARGET = 10.15;
				MTL_ENABLE_DEBUG_INFO = NO;
				MTL_FAST_MATH = YES;
				SDKROOT = macosx;
			};
			name = Release;
		};
		630ABFEF25B68B0A00505522 /* Debug */ = {
			isa = XCBuildConfiguration;
			buildSettings = {
				CODE_SIGN_STYLE = Automatic;
				DEVELOPMENT_TEAM = 976NLVLZMW;
				ENABLE_HARDENED_RUNTIME = YES;
				MACOSX_DEPLOYMENT_TARGET = 10.9;
				PRODUCT_NAME = "$(TARGET_NAME)";
			};
			name = Debug;
		};
		630ABFF025B68B0A00505522 /* Release */ = {
			isa = XCBuildConfiguration;
			buildSettings = {
				CODE_SIGN_STYLE = Automatic;
				DEVELOPMENT_TEAM = 976NLVLZMW;
				ENABLE_HARDENED_RUNTIME = YES;
				MACOSX_DEPLOYMENT_TARGET = 10.9;
				PRODUCT_NAME = "$(TARGET_NAME)";
			};
			name = Release;
		};
		630ABFFB25B68B3300505522 /* Debug */ = {
			isa = XCBuildConfiguration;
			buildSettings = {
				CODE_SIGN_STYLE = Automatic;
				DEVELOPMENT_TEAM = 976NLVLZMW;
				ENABLE_HARDENED_RUNTIME = YES;
				PRODUCT_NAME = "$(TARGET_NAME)";
			};
			name = Debug;
		};
		630ABFFC25B68B3300505522 /* Release */ = {
			isa = XCBuildConfiguration;
			buildSettings = {
				CODE_SIGN_STYLE = Automatic;
				DEVELOPMENT_TEAM = 976NLVLZMW;
				ENABLE_HARDENED_RUNTIME = YES;
				PRODUCT_NAME = "$(TARGET_NAME)";
			};
			name = Release;
		};
		63467D4925C118640024ADB9 /* Debug */ = {
			isa = XCBuildConfiguration;
			buildSettings = {
				CODE_SIGN_STYLE = Automatic;
				DEVELOPMENT_TEAM = 976NLVLZMW;
				ENABLE_HARDENED_RUNTIME = YES;
				PRODUCT_NAME = "$(TARGET_NAME)";
			};
			name = Debug;
		};
		63467D4A25C118640024ADB9 /* Release */ = {
			isa = XCBuildConfiguration;
			buildSettings = {
				CODE_SIGN_STYLE = Automatic;
				DEVELOPMENT_TEAM = 976NLVLZMW;
				ENABLE_HARDENED_RUNTIME = YES;
				PRODUCT_NAME = "$(TARGET_NAME)";
			};
			name = Release;
		};
		63467D5925C118AB0024ADB9 /* Debug */ = {
			isa = XCBuildConfiguration;
			buildSettings = {
				CODE_SIGN_STYLE = Automatic;
				DEVELOPMENT_TEAM = 343QUFT5HF;
				ENABLE_HARDENED_RUNTIME = YES;
				PRODUCT_NAME = "$(TARGET_NAME)";
			};
			name = Debug;
		};
		63467D5A25C118AB0024ADB9 /* Release */ = {
			isa = XCBuildConfiguration;
			buildSettings = {
				CODE_SIGN_STYLE = Automatic;
				DEVELOPMENT_TEAM = 343QUFT5HF;
				ENABLE_HARDENED_RUNTIME = YES;
				PRODUCT_NAME = "$(TARGET_NAME)";
			};
			name = Release;
		};
		63467D6925C118CE0024ADB9 /* Debug */ = {
			isa = XCBuildConfiguration;
			buildSettings = {
				CODE_SIGN_STYLE = Automatic;
				DEVELOPMENT_TEAM = 343QUFT5HF;
				ENABLE_HARDENED_RUNTIME = YES;
				PRODUCT_NAME = "$(TARGET_NAME)";
			};
			name = Debug;
		};
		63467D6A25C118CE0024ADB9 /* Release */ = {
			isa = XCBuildConfiguration;
			buildSettings = {
				CODE_SIGN_STYLE = Automatic;
				DEVELOPMENT_TEAM = 343QUFT5HF;
				ENABLE_HARDENED_RUNTIME = YES;
				PRODUCT_NAME = "$(TARGET_NAME)";
			};
			name = Release;
		};
		63467D7A25C118F10024ADB9 /* Debug */ = {
			isa = XCBuildConfiguration;
			buildSettings = {
				CODE_SIGN_STYLE = Automatic;
				DEVELOPMENT_TEAM = 343QUFT5HF;
				ENABLE_HARDENED_RUNTIME = YES;
				PRODUCT_NAME = "$(TARGET_NAME)";
			};
			name = Debug;
		};
		63467D7B25C118F10024ADB9 /* Release */ = {
			isa = XCBuildConfiguration;
			buildSettings = {
				CODE_SIGN_STYLE = Automatic;
				DEVELOPMENT_TEAM = 343QUFT5HF;
				ENABLE_HARDENED_RUNTIME = YES;
				PRODUCT_NAME = "$(TARGET_NAME)";
			};
			name = Release;
		};
		63467D8C25C119120024ADB9 /* Debug */ = {
			isa = XCBuildConfiguration;
			buildSettings = {
				CODE_SIGN_STYLE = Automatic;
				DEVELOPMENT_TEAM = 343QUFT5HF;
				ENABLE_HARDENED_RUNTIME = YES;
				PRODUCT_NAME = "$(TARGET_NAME)";
			};
			name = Debug;
		};
		63467D8D25C119120024ADB9 /* Release */ = {
			isa = XCBuildConfiguration;
			buildSettings = {
				CODE_SIGN_STYLE = Automatic;
				DEVELOPMENT_TEAM = 343QUFT5HF;
				ENABLE_HARDENED_RUNTIME = YES;
				PRODUCT_NAME = "$(TARGET_NAME)";
			};
			name = Release;
		};
		63467D9F25C119390024ADB9 /* Debug */ = {
			isa = XCBuildConfiguration;
			buildSettings = {
				CODE_SIGN_STYLE = Automatic;
				DEVELOPMENT_TEAM = 343QUFT5HF;
				ENABLE_HARDENED_RUNTIME = YES;
				PRODUCT_NAME = "$(TARGET_NAME)";
			};
			name = Debug;
		};
		63467DA025C119390024ADB9 /* Release */ = {
			isa = XCBuildConfiguration;
			buildSettings = {
				CODE_SIGN_STYLE = Automatic;
				DEVELOPMENT_TEAM = 343QUFT5HF;
				ENABLE_HARDENED_RUNTIME = YES;
				PRODUCT_NAME = "$(TARGET_NAME)";
			};
			name = Release;
		};
		63D7AD6A281126D100891034 /* Debug */ = {
			isa = XCBuildConfiguration;
			buildSettings = {
				CLANG_CXX_LANGUAGE_STANDARD = "gnu++17";
				CODE_SIGN_STYLE = Automatic;
				DEVELOPMENT_TEAM = 976NLVLZMW;
				ENABLE_HARDENED_RUNTIME = YES;
				MACOSX_DEPLOYMENT_TARGET = 12.3;
				PRODUCT_NAME = "$(TARGET_NAME)";
				SWIFT_ACTIVE_COMPILATION_CONDITIONS = DEBUG;
				SWIFT_OPTIMIZATION_LEVEL = "-Onone";
				SWIFT_VERSION = 5.0;
			};
			name = Debug;
		};
		63D7AD6B281126D100891034 /* Release */ = {
			isa = XCBuildConfiguration;
			buildSettings = {
				CLANG_CXX_LANGUAGE_STANDARD = "gnu++17";
				CODE_SIGN_STYLE = Automatic;
				DEVELOPMENT_TEAM = 976NLVLZMW;
				ENABLE_HARDENED_RUNTIME = YES;
				MACOSX_DEPLOYMENT_TARGET = 12.3;
				PRODUCT_NAME = "$(TARGET_NAME)";
				SWIFT_COMPILATION_MODE = wholemodule;
				SWIFT_OPTIMIZATION_LEVEL = "-O";
				SWIFT_VERSION = 5.0;
			};
			name = Release;
		};
		63F1F95825BAA75100ABF559 /* Debug */ = {
			isa = XCBuildConfiguration;
			buildSettings = {
				CODE_SIGN_STYLE = Automatic;
				DEVELOPMENT_TEAM = 976NLVLZMW;
				ENABLE_HARDENED_RUNTIME = YES;
				PRODUCT_NAME = "$(TARGET_NAME)";
				SWIFT_ACTIVE_COMPILATION_CONDITIONS = DEBUG;
				SWIFT_OPTIMIZATION_LEVEL = "-Onone";
				SWIFT_VERSION = 5.0;
			};
			name = Debug;
		};
		63F1F95925BAA75100ABF559 /* Release */ = {
			isa = XCBuildConfiguration;
			buildSettings = {
				CODE_SIGN_STYLE = Automatic;
				DEVELOPMENT_TEAM = 976NLVLZMW;
				ENABLE_HARDENED_RUNTIME = YES;
				PRODUCT_NAME = "$(TARGET_NAME)";
				SWIFT_COMPILATION_MODE = wholemodule;
				SWIFT_OPTIMIZATION_LEVEL = "-O";
				SWIFT_VERSION = 5.0;
			};
			name = Release;
		};
/* End XCBuildConfiguration section */

/* Begin XCConfigurationList section */
		630ABFE225B68B0A00505522 /* Build configuration list for PBXProject "Tools" */ = {
			isa = XCConfigurationList;
			buildConfigurations = (
				630ABFEC25B68B0A00505522 /* Debug */,
				630ABFED25B68B0A00505522 /* Release */,
			);
			defaultConfigurationIsVisible = 0;
			defaultConfigurationName = Release;
		};
		630ABFEE25B68B0A00505522 /* Build configuration list for PBXNativeTarget "Tools" */ = {
			isa = XCConfigurationList;
			buildConfigurations = (
				630ABFEF25B68B0A00505522 /* Debug */,
				630ABFF025B68B0A00505522 /* Release */,
			);
			defaultConfigurationIsVisible = 0;
			defaultConfigurationName = Release;
		};
		630ABFFA25B68B3300505522 /* Build configuration list for PBXNativeTarget "FTFirmwareGenerator" */ = {
			isa = XCConfigurationList;
			buildConfigurations = (
				630ABFFB25B68B3300505522 /* Debug */,
				630ABFFC25B68B3300505522 /* Release */,
			);
			defaultConfigurationIsVisible = 0;
			defaultConfigurationName = Release;
		};
		63467D4B25C118640024ADB9 /* Build configuration list for PBXNativeTarget "file_lock" */ = {
			isa = XCConfigurationList;
			buildConfigurations = (
				63467D4925C118640024ADB9 /* Debug */,
				63467D4A25C118640024ADB9 /* Release */,
			);
			defaultConfigurationIsVisible = 0;
			defaultConfigurationName = Release;
		};
		63467D5825C118AB0024ADB9 /* Build configuration list for PBXNativeTarget "hex_log" */ = {
			isa = XCConfigurationList;
			buildConfigurations = (
				63467D5925C118AB0024ADB9 /* Debug */,
				63467D5A25C118AB0024ADB9 /* Release */,
			);
			defaultConfigurationIsVisible = 0;
			defaultConfigurationName = Release;
		};
		63467D6825C118CE0024ADB9 /* Build configuration list for PBXNativeTarget "ImageEncryptTool" */ = {
			isa = XCConfigurationList;
			buildConfigurations = (
				63467D6925C118CE0024ADB9 /* Debug */,
				63467D6A25C118CE0024ADB9 /* Release */,
			);
			defaultConfigurationIsVisible = 0;
			defaultConfigurationName = Release;
		};
		63467D7925C118F10024ADB9 /* Build configuration list for PBXNativeTarget "ImageRaw" */ = {
			isa = XCConfigurationList;
			buildConfigurations = (
				63467D7A25C118F10024ADB9 /* Debug */,
				63467D7B25C118F10024ADB9 /* Release */,
			);
			defaultConfigurationIsVisible = 0;
			defaultConfigurationName = Release;
		};
		63467D8B25C119120024ADB9 /* Build configuration list for PBXNativeTarget "markdown_oc_doc" */ = {
			isa = XCConfigurationList;
			buildConfigurations = (
				63467D8C25C119120024ADB9 /* Debug */,
				63467D8D25C119120024ADB9 /* Release */,
			);
			defaultConfigurationIsVisible = 0;
			defaultConfigurationName = Release;
		};
		63467D9E25C119390024ADB9 /* Build configuration list for PBXNativeTarget "txt_line_feed_convert" */ = {
			isa = XCConfigurationList;
			buildConfigurations = (
				63467D9F25C119390024ADB9 /* Debug */,
				63467DA025C119390024ADB9 /* Release */,
			);
			defaultConfigurationIsVisible = 0;
			defaultConfigurationName = Release;
		};
		63D7AD6C281126D100891034 /* Build configuration list for PBXNativeTarget "Test" */ = {
			isa = XCConfigurationList;
			buildConfigurations = (
				63D7AD6A281126D100891034 /* Debug */,
				63D7AD6B281126D100891034 /* Release */,
			);
			defaultConfigurationIsVisible = 0;
			defaultConfigurationName = Release;
		};
		63F1F95A25BAA75100ABF559 /* Build configuration list for PBXNativeTarget "Finder" */ = {
			isa = XCConfigurationList;
			buildConfigurations = (
				63F1F95825BAA75100ABF559 /* Debug */,
				63F1F95925BAA75100ABF559 /* Release */,
			);
			defaultConfigurationIsVisible = 0;
			defaultConfigurationName = Release;
		};
/* End XCConfigurationList section */
	};
	rootObject = 630ABFDF25B68B0A00505522 /* Project object */;
}
